
Microsoft Visual Studio Solution File, Format Version 12.00
# Visual Studio Version 17
VisualStudioVersion = 17.0.32014.148
MinimumVisualStudioVersion = 10.0.40219.1
Project("{FAE04EC0-301F-11D3-BF4B-00C04F79EFBC}") = "Lambda Expression Assignment", "Lambda Expression Assignment.csproj", "{29FD3766-3D10-45DB-9C18-A4C5E411F19C}"
EndProject
Global
	GlobalSection(SolutionConfigurationPlatforms) = preSolution
		Debug|Any CPU = Debug|Any CPU
		Release|Any CPU = Release|Any CPU
	EndGlobalSection
	GlobalSection(ProjectConfigurationPlatforms) = postSolution
		{29FD3766-3D10-45DB-9C18-A4C5E411F19C}.Debug|Any CPU.ActiveCfg = Debug|Any CPU
		{29FD3766-3D10-45DB-9C18-A4C5E411F19C}.Debug|Any CPU.Build.0 = Debug|Any CPU
		{29FD3766-3D10-45DB-9C18-A4C5E411F19C}.Release|Any CPU.ActiveCfg = Release|Any CPU
		{29FD3766-3D10-45DB-9C18-A4C5E411F19C}.Release|Any CPU.Build.0 = Release|Any CPU
	EndGlobalSection
	GlobalSection(SolutionProperties) = preSolution
		HideSolutionNode = FALSE
	EndGlobalSection
	GlobalSection(ExtensibilityGlobals) = postSolution
		SolutionGuid = {8EBF9F64-E239-458D-BD9A-5A99BA568016}
	EndGlobalSection
EndGlobal
